
Microsoft Visual Studio Solution File, Format Version 12.00
# Visual Studio Version 17
VisualStudioVersion = 17.13.35825.156 d17.13
MinimumVisualStudioVersion = 10.0.40219.1
Project("{FAE04EC0-301F-11D3-BF4B-00C04F79EFBC}") = "MinhaAgenda", "MinhaAgenda.csproj", "{AB00547D-5F54-46DB-B4FE-6D8200E3716B}"
EndProject
Project("{2150E333-8FDC-42A3-9474-1A3956D46DE8}") = "Plugins", "Plugins", "{02EA681E-C7D8-13C7-8484-4AC65E1B71E8}"
EndProject
Project("{FAE04EC0-301F-11D3-BF4B-00C04F79EFBC}") = "DadosEmMemoria", "..\DadosEmMemoria\DadosEmMemoria.csproj", "{10DC4F04-85E6-4B70-9177-83E01221912E}"
EndProject
Project("{FAE04EC0-301F-11D3-BF4B-00C04F79EFBC}") = "SqlLite", "..\SqlLite\SqlLite.csproj", "{16BD2654-900C-481C-B3BF-4ED13B931D29}"
EndProject
Project("{FAE04EC0-301F-11D3-BF4B-00C04F79EFBC}") = "CasosDeUso", "..\CasosDeUso\CasosDeUso.csproj", "{D9E1AC14-55C1-4714-A444-7E56519C32CE}"
EndProject
Project("{FAE04EC0-301F-11D3-BF4B-00C04F79EFBC}") = "CoreBusiness", "..\CoreBusiness\CoreBusiness.csproj", "{14DEEC8E-5266-4841-8217-50205855684E}"
EndProject
Global
	GlobalSection(SolutionConfigurationPlatforms) = preSolution
		Debug|Any CPU = Debug|Any CPU
		Release|Any CPU = Release|Any CPU
	EndGlobalSection
	GlobalSection(ProjectConfigurationPlatforms) = postSolution
		{AB00547D-5F54-46DB-B4FE-6D8200E3716B}.Debug|Any CPU.ActiveCfg = Debug|Any CPU
		{AB00547D-5F54-46DB-B4FE-6D8200E3716B}.Debug|Any CPU.Build.0 = Debug|Any CPU
		{AB00547D-5F54-46DB-B4FE-6D8200E3716B}.Debug|Any CPU.Deploy.0 = Debug|Any CPU
		{AB00547D-5F54-46DB-B4FE-6D8200E3716B}.Release|Any CPU.ActiveCfg = Release|Any CPU
		{AB00547D-5F54-46DB-B4FE-6D8200E3716B}.Release|Any CPU.Build.0 = Release|Any CPU
		{AB00547D-5F54-46DB-B4FE-6D8200E3716B}.Release|Any CPU.Deploy.0 = Release|Any CPU
		{10DC4F04-85E6-4B70-9177-83E01221912E}.Debug|Any CPU.ActiveCfg = Debug|Any CPU
		{10DC4F04-85E6-4B70-9177-83E01221912E}.Debug|Any CPU.Build.0 = Debug|Any CPU
		{10DC4F04-85E6-4B70-9177-83E01221912E}.Release|Any CPU.ActiveCfg = Release|Any CPU
		{10DC4F04-85E6-4B70-9177-83E01221912E}.Release|Any CPU.Build.0 = Release|Any CPU
		{16BD2654-900C-481C-B3BF-4ED13B931D29}.Debug|Any CPU.ActiveCfg = Debug|Any CPU
		{16BD2654-900C-481C-B3BF-4ED13B931D29}.Debug|Any CPU.Build.0 = Debug|Any CPU
		{16BD2654-900C-481C-B3BF-4ED13B931D29}.Release|Any CPU.ActiveCfg = Release|Any CPU
		{16BD2654-900C-481C-B3BF-4ED13B931D29}.Release|Any CPU.Build.0 = Release|Any CPU
		{D9E1AC14-55C1-4714-A444-7E56519C32CE}.Debug|Any CPU.ActiveCfg = Debug|Any CPU
		{D9E1AC14-55C1-4714-A444-7E56519C32CE}.Debug|Any CPU.Build.0 = Debug|Any CPU
		{D9E1AC14-55C1-4714-A444-7E56519C32CE}.Release|Any CPU.ActiveCfg = Release|Any CPU
		{D9E1AC14-55C1-4714-A444-7E56519C32CE}.Release|Any CPU.Build.0 = Release|Any CPU
		{14DEEC8E-5266-4841-8217-50205855684E}.Debug|Any CPU.ActiveCfg = Debug|Any CPU
		{14DEEC8E-5266-4841-8217-50205855684E}.Debug|Any CPU.Build.0 = Debug|Any CPU
		{14DEEC8E-5266-4841-8217-50205855684E}.Release|Any CPU.ActiveCfg = Release|Any CPU
		{14DEEC8E-5266-4841-8217-50205855684E}.Release|Any CPU.Build.0 = Release|Any CPU
	EndGlobalSection
	GlobalSection(SolutionProperties) = preSolution
		HideSolutionNode = FALSE
	EndGlobalSection
	GlobalSection(NestedProjects) = preSolution
		{10DC4F04-85E6-4B70-9177-83E01221912E} = {02EA681E-C7D8-13C7-8484-4AC65E1B71E8}
		{16BD2654-900C-481C-B3BF-4ED13B931D29} = {02EA681E-C7D8-13C7-8484-4AC65E1B71E8}
	EndGlobalSection
	GlobalSection(ExtensibilityGlobals) = postSolution
		SolutionGuid = {B9156E9B-4820-4E5D-9573-7A3011C07CA5}
	EndGlobalSection
EndGlobal
